{
  "name": "blog",
  "version": "1.0.0",
  "lockfileVersion": 1,
  "requires": true,
  "dependencies": {
    "bootstrap": {
      "version": "4.5.0",
      "resolved": "https://registry.npmjs.org/bootstrap/-/bootstrap-4.5.0.tgz",
      "integrity": "sha512-Z93QoXvodoVslA+PWNdk23Hze4RBYIkpb5h8I2HY2Tu2h7A0LpAgLcyrhrSUyo2/Oxm2l1fRZPs1e5hnxnliXA=="
    },
    "tinymce": {
      "version": "5.7.1",
      "resolved": "https://registry.npmjs.org/tinymce/-/tinymce-5.7.1.tgz",
      "integrity": "sha512-1gY8RClc734srSlkYwY0MQzmkS1j73PuPC+nYtNtrrQVPY9VNcZ4bOiRwzTbdjPPD8GOtv6BAk8Ww/H2RiqKpA=="
    }
  }
}
